
Microsoft Visual Studio Solution File, Format Version 12.00
# Visual Studio Version 16
VisualStudioVersion = 16.0.31702.278
MinimumVisualStudioVersion = 10.0.40219.1
Project("{FAE04EC0-301F-11D3-BF4B-00C04F79EFBC}") = "Person", "Person\Person.csproj", "{90D35995-76D2-4F29-B16D-A178776CD48C}"
EndProject
Global
	GlobalSection(SolutionConfigurationPlatforms) = preSolution
		Debug|Any CPU = Debug|Any CPU
		Release|Any CPU = Release|Any CPU
	EndGlobalSection
	GlobalSection(ProjectConfigurationPlatforms) = postSolution
		{90D35995-76D2-4F29-B16D-A178776CD48C}.Debug|Any CPU.ActiveCfg = Debug|Any CPU
		{90D35995-76D2-4F29-B16D-A178776CD48C}.Debug|Any CPU.Build.0 = Debug|Any CPU
		{90D35995-76D2-4F29-B16D-A178776CD48C}.Release|Any CPU.ActiveCfg = Release|Any CPU
		{90D35995-76D2-4F29-B16D-A178776CD48C}.Release|Any CPU.Build.0 = Release|Any CPU
	EndGlobalSection
	GlobalSection(SolutionProperties) = preSolution
		HideSolutionNode = FALSE
	EndGlobalSection
	GlobalSection(ExtensibilityGlobals) = postSolution
		SolutionGuid = {68AC1049-7BBC-4FCB-9CD9-E0280B5BEB13}
	EndGlobalSection
EndGlobal
